
Microsoft Visual Studio Solution File, Format Version 12.00
# Visual Studio Version 17
VisualStudioVersion = 17.5.33516.290
MinimumVisualStudioVersion = 10.0.40219.1
Project("{9A19103F-16F7-4668-BE54-9A1E7A4F7556}") = "Ogrenci_Yonetim_Uygulamasi", "OOP_2023\Ogrenci_Yonetim_Uygulamasi.csproj", "{4F99FD12-6E2E-4349-A791-7D09BFE1B216}"
EndProject
Global
	GlobalSection(SolutionConfigurationPlatforms) = preSolution
		Debug|Any CPU = Debug|Any CPU
		Release|Any CPU = Release|Any CPU
	EndGlobalSection
	GlobalSection(ProjectConfigurationPlatforms) = postSolution
		{4F99FD12-6E2E-4349-A791-7D09BFE1B216}.Debug|Any CPU.ActiveCfg = Debug|Any CPU
		{4F99FD12-6E2E-4349-A791-7D09BFE1B216}.Debug|Any CPU.Build.0 = Debug|Any CPU
		{4F99FD12-6E2E-4349-A791-7D09BFE1B216}.Release|Any CPU.ActiveCfg = Release|Any CPU
		{4F99FD12-6E2E-4349-A791-7D09BFE1B216}.Release|Any CPU.Build.0 = Release|Any CPU
	EndGlobalSection
	GlobalSection(SolutionProperties) = preSolution
		HideSolutionNode = FALSE
	EndGlobalSection
	GlobalSection(ExtensibilityGlobals) = postSolution
		SolutionGuid = {28A0AE0E-63A7-4C92-BCA1-C06AD6E31A87}
	EndGlobalSection
EndGlobal
